
Microsoft Visual Studio Solution File, Format Version 12.00
# Visual Studio Version 16
VisualStudioVersion = 16.0.29920.165
MinimumVisualStudioVersion = 10.0.40219.1
Project("{FAE04EC0-301F-11D3-BF4B-00C04F79EFBC}") = "WeatherApplication.UWP", "WeatherApplication\WeatherApplication.UWP\WeatherApplication.UWP.csproj", "{6D2F3E74-8001-47C9-9F1E-506E4D42876E}"
EndProject
Project("{FAE04EC0-301F-11D3-BF4B-00C04F79EFBC}") = "WeatherApplication.Android", "WeatherApplication\WeatherApplication.Android\WeatherApplication.Android.csproj", "{FEFD3A89-85D1-4E30-BBFA-6CAB5BA04FEE}"
EndProject
Project("{FAE04EC0-301F-11D3-BF4B-00C04F79EFBC}") = "WeatherApplication.iOS", "WeatherApplication\WeatherApplication.iOS\WeatherApplication.iOS.csproj", "{C4EE03A7-BEB8-4393-93B9-553C9BE8554F}"
EndProject
Project("{FAE04EC0-301F-11D3-BF4B-00C04F79EFBC}") = "WeatherApplication", "WeatherApplication\WeatherApplication\WeatherApplication.csproj", "{C324F817-620A-4F57-86DE-F290EEDFC87E}"
EndProject
Global
	GlobalSection(SolutionConfigurationPlatforms) = preSolution
		Debug|Any CPU = Debug|Any CPU
		Debug|ARM = Debug|ARM
		Debug|iPhone = Debug|iPhone
		Debug|iPhoneSimulator = Debug|iPhoneSimulator
		Debug|x64 = Debug|x64
		Debug|x86 = Debug|x86
		Release|Any CPU = Release|Any CPU
		Release|ARM = Release|ARM
		Release|iPhone = Release|iPhone
		Release|iPhoneSimulator = Release|iPhoneSimulator
		Release|x64 = Release|x64
		Release|x86 = Release|x86
	EndGlobalSection
	GlobalSection(ProjectConfigurationPlatforms) = postSolution
		{6D2F3E74-8001-47C9-9F1E-506E4D42876E}.Debug|Any CPU.ActiveCfg = Debug|x86
		{6D2F3E74-8001-47C9-9F1E-506E4D42876E}.Debug|Any CPU.Build.0 = Debug|x86
		{6D2F3E74-8001-47C9-9F1E-506E4D42876E}.Debug|Any CPU.Deploy.0 = Debug|x86
		{6D2F3E74-8001-47C9-9F1E-506E4D42876E}.Debug|ARM.ActiveCfg = Debug|ARM
		{6D2F3E74-8001-47C9-9F1E-506E4D42876E}.Debug|ARM.Build.0 = Debug|ARM
		{6D2F3E74-8001-47C9-9F1E-506E4D42876E}.Debug|ARM.Deploy.0 = Debug|ARM
		{6D2F3E74-8001-47C9-9F1E-506E4D42876E}.Debug|iPhone.ActiveCfg = Debug|x86
		{6D2F3E74-8001-47C9-9F1E-506E4D42876E}.Debug|iPhone.Build.0 = Debug|x86
		{6D2F3E74-8001-47C9-9F1E-506E4D42876E}.Debug|iPhone.Deploy.0 = Debug|x86
		{6D2F3E74-8001-47C9-9F1E-506E4D42876E}.Debug|iPhoneSimulator.ActiveCfg = Debug|x86
		{6D2F3E74-8001-47C9-9F1E-506E4D42876E}.Debug|iPhoneSimulator.Build.0 = Debug|x86
		{6D2F3E74-8001-47C9-9F1E-506E4D42876E}.Debug|iPhoneSimulator.Deploy.0 = Debug|x86
		{6D2F3E74-8001-47C9-9F1E-506E4D42876E}.Debug|x64.ActiveCfg = Debug|x64
		{6D2F3E74-8001-47C9-9F1E-506E4D42876E}.Debug|x64.Build.0 = Debug|x64
		{6D2F3E74-8001-47C9-9F1E-506E4D42876E}.Debug|x64.Deploy.0 = Debug|x64
		{6D2F3E74-8001-47C9-9F1E-506E4D42876E}.Debug|x86.ActiveCfg = Debug|x86
		{6D2F3E74-8001-47C9-9F1E-506E4D42876E}.Debug|x86.Build.0 = Debug|x86
		{6D2F3E74-8001-47C9-9F1E-506E4D42876E}.Debug|x86.Deploy.0 = Debug|x86
		{6D2F3E74-8001-47C9-9F1E-506E4D42876E}.Release|Any CPU.ActiveCfg = Release|x86
		{6D2F3E74-8001-47C9-9F1E-506E4D42876E}.Release|Any CPU.Build.0 = Release|x86
		{6D2F3E74-8001-47C9-9F1E-506E4D42876E}.Release|Any CPU.Deploy.0 = Release|x86
		{6D2F3E74-8001-47C9-9F1E-506E4D42876E}.Release|ARM.ActiveCfg = Release|ARM
		{6D2F3E74-8001-47C9-9F1E-506E4D42876E}.Release|ARM.Build.0 = Release|ARM
		{6D2F3E74-8001-47C9-9F1E-506E4D42876E}.Release|ARM.Deploy.0 = Release|ARM
		{6D2F3E74-8001-47C9-9F1E-506E4D42876E}.Release|iPhone.ActiveCfg = Release|x86
		{6D2F3E74-8001-47C9-9F1E-506E4D42876E}.Release|iPhone.Build.0 = Release|x86
		{6D2F3E74-8001-47C9-9F1E-506E4D42876E}.Release|iPhone.Deploy.0 = Release|x86
		{6D2F3E74-8001-47C9-9F1E-506E4D42876E}.Release|iPhoneSimulator.ActiveCfg = Release|x86
		{6D2F3E74-8001-47C9-9F1E-506E4D42876E}.Release|iPhoneSimulator.Build.0 = Release|x86
		{6D2F3E74-8001-47C9-9F1E-506E4D42876E}.Release|iPhoneSimulator.Deploy.0 = Release|x86
		{6D2F3E74-8001-47C9-9F1E-506E4D42876E}.Release|x64.ActiveCfg = Release|x64
		{6D2F3E74-8001-47C9-9F1E-506E4D42876E}.Release|x64.Build.0 = Release|x64
		{6D2F3E74-8001-47C9-9F1E-506E4D42876E}.Release|x64.Deploy.0 = Release|x64
		{6D2F3E74-8001-47C9-9F1E-506E4D42876E}.Release|x86.ActiveCfg = Release|x86
		{6D2F3E74-8001-47C9-9F1E-506E4D42876E}.Release|x86.Build.0 = Release|x86
		{6D2F3E74-8001-47C9-9F1E-506E4D42876E}.Release|x86.Deploy.0 = Release|x86
		{FEFD3A89-85D1-4E30-BBFA-6CAB5BA04FEE}.Debug|Any CPU.ActiveCfg = Debug|Any CPU
		{FEFD3A89-85D1-4E30-BBFA-6CAB5BA04FEE}.Debug|Any CPU.Build.0 = Debug|Any CPU
		{FEFD3A89-85D1-4E30-BBFA-6CAB5BA04FEE}.Debug|Any CPU.Deploy.0 = Debug|Any CPU
		{FEFD3A89-85D1-4E30-BBFA-6CAB5BA04FEE}.Debug|ARM.ActiveCfg = Debug|Any CPU
		{FEFD3A89-85D1-4E30-BBFA-6CAB5BA04FEE}.Debug|ARM.Build.0 = Debug|Any CPU
		{FEFD3A89-85D1-4E30-BBFA-6CAB5BA04FEE}.Debug|ARM.Deploy.0 = Debug|Any CPU
		{FEFD3A89-85D1-4E30-BBFA-6CAB5BA04FEE}.Debug|iPhone.ActiveCfg = Debug|Any CPU
		{FEFD3A89-85D1-4E30-BBFA-6CAB5BA04FEE}.Debug|iPhone.Build.0 = Debug|Any CPU
		{FEFD3A89-85D1-4E30-BBFA-6CAB5BA04FEE}.Debug|iPhone.Deploy.0 = Debug|Any CPU
		{FEFD3A89-85D1-4E30-BBFA-6CAB5BA04FEE}.Debug|iPhoneSimulator.ActiveCfg = Debug|Any CPU
		{FEFD3A89-85D1-4E30-BBFA-6CAB5BA04FEE}.Debug|iPhoneSimulator.Build.0 = Debug|Any CPU
		{FEFD3A89-85D1-4E30-BBFA-6CAB5BA04FEE}.Debug|iPhoneSimulator.Deploy.0 = Debug|Any CPU
		{FEFD3A89-85D1-4E30-BBFA-6CAB5BA04FEE}.Debug|x64.ActiveCfg = Debug|Any CPU
		{FEFD3A89-85D1-4E30-BBFA-6CAB5BA04FEE}.Debug|x64.Build.0 = Debug|Any CPU
		{FEFD3A89-85D1-4E30-BBFA-6CAB5BA04FEE}.Debug|x64.Deploy.0 = Debug|Any CPU
		{FEFD3A89-85D1-4E30-BBFA-6CAB5BA04FEE}.Debug|x86.ActiveCfg = Debug|Any CPU
		{FEFD3A89-85D1-4E30-BBFA-6CAB5BA04FEE}.Debug|x86.Build.0 = Debug|Any CPU
		{FEFD3A89-85D1-4E30-BBFA-6CAB5BA04FEE}.Debug|x86.Deploy.0 = Debug|Any CPU
		{FEFD3A89-85D1-4E30-BBFA-6CAB5BA04FEE}.Release|Any CPU.ActiveCfg = Release|Any CPU
		{FEFD3A89-85D1-4E30-BBFA-6CAB5BA04FEE}.Release|Any CPU.Build.0 = Release|Any CPU
		{FEFD3A89-85D1-4E30-BBFA-6CAB5BA04FEE}.Release|Any CPU.Deploy.0 = Release|Any CPU
		{FEFD3A89-85D1-4E30-BBFA-6CAB5BA04FEE}.Release|ARM.ActiveCfg = Release|Any CPU
		{FEFD3A89-85D1-4E30-BBFA-6CAB5BA04FEE}.Release|ARM.Build.0 = Release|Any CPU
		{FEFD3A89-85D1-4E30-BBFA-6CAB5BA04FEE}.Release|ARM.Deploy.0 = Release|Any CPU
		{FEFD3A89-85D1-4E30-BBFA-6CAB5BA04FEE}.Release|iPhone.ActiveCfg = Release|Any CPU
		{FEFD3A89-85D1-4E30-BBFA-6CAB5BA04FEE}.Release|iPhone.Build.0 = Release|Any CPU
		{FEFD3A89-85D1-4E30-BBFA-6CAB5BA04FEE}.Release|iPhone.Deploy.0 = Release|Any CPU
		{FEFD3A89-85D1-4E30-BBFA-6CAB5BA04FEE}.Release|iPhoneSimulator.ActiveCfg = Release|Any CPU
		{FEFD3A89-85D1-4E30-BBFA-6CAB5BA04FEE}.Release|iPhoneSimulator.Build.0 = Release|Any CPU
		{FEFD3A89-85D1-4E30-BBFA-6CAB5BA04FEE}.Release|iPhoneSimulator.Deploy.0 = Release|Any CPU
		{FEFD3A89-85D1-4E30-BBFA-6CAB5BA04FEE}.Release|x64.ActiveCfg = Release|Any CPU
		{FEFD3A89-85D1-4E30-BBFA-6CAB5BA04FEE}.Release|x64.Build.0 = Release|Any CPU
		{FEFD3A89-85D1-4E30-BBFA-6CAB5BA04FEE}.Release|x64.Deploy.0 = Release|Any CPU
		{FEFD3A89-85D1-4E30-BBFA-6CAB5BA04FEE}.Release|x86.ActiveCfg = Release|Any CPU
		{FEFD3A89-85D1-4E30-BBFA-6CAB5BA04FEE}.Release|x86.Build.0 = Release|Any CPU
		{FEFD3A89-85D1-4E30-BBFA-6CAB5BA04FEE}.Release|x86.Deploy.0 = Release|Any CPU
		{C4EE03A7-BEB8-4393-93B9-553C9BE8554F}.Debug|Any CPU.ActiveCfg = Debug|iPhone
		{C4EE03A7-BEB8-4393-93B9-553C9BE8554F}.Debug|Any CPU.Build.0 = Debug|iPhone
		{C4EE03A7-BEB8-4393-93B9-553C9BE8554F}.Debug|Any CPU.Deploy.0 = Debug|iPhone
		{C4EE03A7-BEB8-4393-93B9-553C9BE8554F}.Debug|ARM.ActiveCfg = Debug|iPhone
		{C4EE03A7-BEB8-4393-93B9-553C9BE8554F}.Debug|ARM.Build.0 = Debug|iPhone
		{C4EE03A7-BEB8-4393-93B9-553C9BE8554F}.Debug|ARM.Deploy.0 = Debug|iPhone
		{C4EE03A7-BEB8-4393-93B9-553C9BE8554F}.Debug|iPhone.ActiveCfg = Debug|iPhone
		{C4EE03A7-BEB8-4393-93B9-553C9BE8554F}.Debug|iPhone.Build.0 = Debug|iPhone
		{C4EE03A7-BEB8-4393-93B9-553C9BE8554F}.Debug|iPhone.Deploy.0 = Debug|iPhone
		{C4EE03A7-BEB8-4393-93B9-553C9BE8554F}.Debug|iPhoneSimulator.ActiveCfg = Debug|iPhoneSimulator
		{C4EE03A7-BEB8-4393-93B9-553C9BE8554F}.Debug|iPhoneSimulator.Build.0 = Debug|iPhoneSimulator
		{C4EE03A7-BEB8-4393-93B9-553C9BE8554F}.Debug|iPhoneSimulator.Deploy.0 = Debug|iPhoneSimulator
		{C4EE03A7-BEB8-4393-93B9-553C9BE8554F}.Debug|x64.ActiveCfg = Debug|iPhone
		{C4EE03A7-BEB8-4393-93B9-553C9BE8554F}.Debug|x64.Build.0 = Debug|iPhone
		{C4EE03A7-BEB8-4393-93B9-553C9BE8554F}.Debug|x64.Deploy.0 = Debug|iPhone
		{C4EE03A7-BEB8-4393-93B9-553C9BE8554F}.Debug|x86.ActiveCfg = Debug|iPhone
		{C4EE03A7-BEB8-4393-93B9-553C9BE8554F}.Debug|x86.Build.0 = Debug|iPhone
		{C4EE03A7-BEB8-4393-93B9-553C9BE8554F}.Debug|x86.Deploy.0 = Debug|iPhone
		{C4EE03A7-BEB8-4393-93B9-553C9BE8554F}.Release|Any CPU.ActiveCfg = Release|iPhone
		{C4EE03A7-BEB8-4393-93B9-553C9BE8554F}.Release|Any CPU.Build.0 = Release|iPhone
		{C4EE03A7-BEB8-4393-93B9-553C9BE8554F}.Release|Any CPU.Deploy.0 = Release|iPhone
		{C4EE03A7-BEB8-4393-93B9-553C9BE8554F}.Release|ARM.ActiveCfg = Release|iPhone
		{C4EE03A7-BEB8-4393-93B9-553C9BE8554F}.Release|ARM.Build.0 = Release|iPhone
		{C4EE03A7-BEB8-4393-93B9-553C9BE8554F}.Release|ARM.Deploy.0 = Release|iPhone
		{C4EE03A7-BEB8-4393-93B9-553C9BE8554F}.Release|iPhone.ActiveCfg = Release|iPhone
		{C4EE03A7-BEB8-4393-93B9-553C9BE8554F}.Release|iPhone.Build.0 = Release|iPhone
		{C4EE03A7-BEB8-4393-93B9-553C9BE8554F}.Release|iPhone.Deploy.0 = Release|iPhone
		{C4EE03A7-BEB8-4393-93B9-553C9BE8554F}.Release|iPhoneSimulator.ActiveCfg = Release|iPhoneSimulator
		{C4EE03A7-BEB8-4393-93B9-553C9BE8554F}.Release|iPhoneSimulator.Build.0 = Release|iPhoneSimulator
		{C4EE03A7-BEB8-4393-93B9-553C9BE8554F}.Release|iPhoneSimulator.Deploy.0 = Release|iPhoneSimulator
		{C4EE03A7-BEB8-4393-93B9-553C9BE8554F}.Release|x64.ActiveCfg = Release|iPhone
		{C4EE03A7-BEB8-4393-93B9-553C9BE8554F}.Release|x64.Build.0 = Release|iPhone
		{C4EE03A7-BEB8-4393-93B9-553C9BE8554F}.Release|x64.Deploy.0 = Release|iPhone
		{C4EE03A7-BEB8-4393-93B9-553C9BE8554F}.Release|x86.ActiveCfg = Release|iPhone
		{C4EE03A7-BEB8-4393-93B9-553C9BE8554F}.Release|x86.Build.0 = Release|iPhone
		{C4EE03A7-BEB8-4393-93B9-553C9BE8554F}.Release|x86.Deploy.0 = Release|iPhone
		{C324F817-620A-4F57-86DE-F290EEDFC87E}.Debug|Any CPU.ActiveCfg = Debug|Any CPU
		{C324F817-620A-4F57-86DE-F290EEDFC87E}.Debug|Any CPU.Build.0 = Debug|Any CPU
		{C324F817-620A-4F57-86DE-F290EEDFC87E}.Debug|Any CPU.Deploy.0 = Debug|Any CPU
		{C324F817-620A-4F57-86DE-F290EEDFC87E}.Debug|ARM.ActiveCfg = Debug|Any CPU
		{C324F817-620A-4F57-86DE-F290EEDFC87E}.Debug|ARM.Build.0 = Debug|Any CPU
		{C324F817-620A-4F57-86DE-F290EEDFC87E}.Debug|ARM.Deploy.0 = Debug|Any CPU
		{C324F817-620A-4F57-86DE-F290EEDFC87E}.Debug|iPhone.ActiveCfg = Debug|Any CPU
		{C324F817-620A-4F57-86DE-F290EEDFC87E}.Debug|iPhone.Build.0 = Debug|Any CPU
		{C324F817-620A-4F57-86DE-F290EEDFC87E}.Debug|iPhone.Deploy.0 = Debug|Any CPU
		{C324F817-620A-4F57-86DE-F290EEDFC87E}.Debug|iPhoneSimulator.ActiveCfg = Debug|Any CPU
		{C324F817-620A-4F57-86DE-F290EEDFC87E}.Debug|iPhoneSimulator.Build.0 = Debug|Any CPU
		{C324F817-620A-4F57-86DE-F290EEDFC87E}.Debug|iPhoneSimulator.Deploy.0 = Debug|Any CPU
		{C324F817-620A-4F57-86DE-F290EEDFC87E}.Debug|x64.ActiveCfg = Debug|Any CPU
		{C324F817-620A-4F57-86DE-F290EEDFC87E}.Debug|x64.Build.0 = Debug|Any CPU
		{C324F817-620A-4F57-86DE-F290EEDFC87E}.Debug|x64.Deploy.0 = Debug|Any CPU
		{C324F817-620A-4F57-86DE-F290EEDFC87E}.Debug|x86.ActiveCfg = Debug|Any CPU
		{C324F817-620A-4F57-86DE-F290EEDFC87E}.Debug|x86.Build.0 = Debug|Any CPU
		{C324F817-620A-4F57-86DE-F290EEDFC87E}.Debug|x86.Deploy.0 = Debug|Any CPU
		{C324F817-620A-4F57-86DE-F290EEDFC87E}.Release|Any CPU.ActiveCfg = Release|Any CPU
		{C324F817-620A-4F57-86DE-F290EEDFC87E}.Release|Any CPU.Build.0 = Release|Any CPU
		{C324F817-620A-4F57-86DE-F290EEDFC87E}.Release|Any CPU.Deploy.0 = Release|Any CPU
		{C324F817-620A-4F57-86DE-F290EEDFC87E}.Release|ARM.ActiveCfg = Release|Any CPU
		{C324F817-620A-4F57-86DE-F290EEDFC87E}.Release|ARM.Build.0 = Release|Any CPU
		{C324F817-620A-4F57-86DE-F290EEDFC87E}.Release|ARM.Deploy.0 = Release|Any CPU
		{C324F817-620A-4F57-86DE-F290EEDFC87E}.Release|iPhone.ActiveCfg = Release|Any CPU
		{C324F817-620A-4F57-86DE-F290EEDFC87E}.Release|iPhone.Build.0 = Release|Any CPU
		{C324F817-620A-4F57-86DE-F290EEDFC87E}.Release|iPhone.Deploy.0 = Release|Any CPU
		{C324F817-620A-4F57-86DE-F290EEDFC87E}.Release|iPhoneSimulator.ActiveCfg = Release|Any CPU
		{C324F817-620A-4F57-86DE-F290EEDFC87E}.Release|iPhoneSimulator.Build.0 = Release|Any CPU
		{C324F817-620A-4F57-86DE-F290EEDFC87E}.Release|iPhoneSimulator.Deploy.0 = Release|Any CPU
		{C324F817-620A-4F57-86DE-F290EEDFC87E}.Release|x64.ActiveCfg = Release|Any CPU
		{C324F817-620A-4F57-86DE-F290EEDFC87E}.Release|x64.Build.0 = Release|Any CPU
		{C324F817-620A-4F57-86DE-F290EEDFC87E}.Release|x64.Deploy.0 = Release|Any CPU
		{C324F817-620A-4F57-86DE-F290EEDFC87E}.Release|x86.ActiveCfg = Release|Any CPU
		{C324F817-620A-4F57-86DE-F290EEDFC87E}.Release|x86.Build.0 = Release|Any CPU
		{C324F817-620A-4F57-86DE-F290EEDFC87E}.Release|x86.Deploy.0 = Release|Any CPU
	EndGlobalSection
	GlobalSection(SolutionProperties) = preSolution
		HideSolutionNode = FALSE
	EndGlobalSection
	GlobalSection(ExtensibilityGlobals) = postSolution
		SolutionGuid = {C602ACED-5A2B-4F83-BAFE-30E74696DAA6}
	EndGlobalSection
EndGlobal
