
Microsoft Visual Studio Solution File, Format Version 12.00
# Visual Studio Version 16
VisualStudioVersion = 16.0.30011.22
MinimumVisualStudioVersion = 10.0.40219.1
Project("{FAE04EC0-301F-11D3-BF4B-00C04F79EFBC}") = "MApp.UWP", "MApp\MApp.UWP\MApp.UWP.csproj", "{ECC1FE38-A201-4654-A07A-998B8F474E91}"
EndProject
Project("{FAE04EC0-301F-11D3-BF4B-00C04F79EFBC}") = "MApp.Android", "MApp\MApp.Android\MApp.Android.csproj", "{2E4F1011-A2B6-42C7-A845-117CCD9F2BE3}"
EndProject
Project("{FAE04EC0-301F-11D3-BF4B-00C04F79EFBC}") = "MApp.iOS", "MApp\MApp.iOS\MApp.iOS.csproj", "{4FC6DE74-9B83-420A-9F15-F16F928098EC}"
EndProject
Project("{FAE04EC0-301F-11D3-BF4B-00C04F79EFBC}") = "MApp", "MApp\MApp\MApp.csproj", "{0C0706E1-DACF-488A-ACE2-2B14678A1915}"
EndProject
Global
	GlobalSection(SolutionConfigurationPlatforms) = preSolution
		Debug|Any CPU = Debug|Any CPU
		Debug|ARM = Debug|ARM
		Debug|iPhone = Debug|iPhone
		Debug|iPhoneSimulator = Debug|iPhoneSimulator
		Debug|x64 = Debug|x64
		Debug|x86 = Debug|x86
		Release|Any CPU = Release|Any CPU
		Release|ARM = Release|ARM
		Release|iPhone = Release|iPhone
		Release|iPhoneSimulator = Release|iPhoneSimulator
		Release|x64 = Release|x64
		Release|x86 = Release|x86
	EndGlobalSection
	GlobalSection(ProjectConfigurationPlatforms) = postSolution
		{ECC1FE38-A201-4654-A07A-998B8F474E91}.Debug|Any CPU.ActiveCfg = Debug|x86
		{ECC1FE38-A201-4654-A07A-998B8F474E91}.Debug|Any CPU.Build.0 = Debug|x86
		{ECC1FE38-A201-4654-A07A-998B8F474E91}.Debug|Any CPU.Deploy.0 = Debug|x86
		{ECC1FE38-A201-4654-A07A-998B8F474E91}.Debug|ARM.ActiveCfg = Debug|ARM
		{ECC1FE38-A201-4654-A07A-998B8F474E91}.Debug|ARM.Build.0 = Debug|ARM
		{ECC1FE38-A201-4654-A07A-998B8F474E91}.Debug|ARM.Deploy.0 = Debug|ARM
		{ECC1FE38-A201-4654-A07A-998B8F474E91}.Debug|iPhone.ActiveCfg = Debug|x86
		{ECC1FE38-A201-4654-A07A-998B8F474E91}.Debug|iPhone.Build.0 = Debug|x86
		{ECC1FE38-A201-4654-A07A-998B8F474E91}.Debug|iPhone.Deploy.0 = Debug|x86
		{ECC1FE38-A201-4654-A07A-998B8F474E91}.Debug|iPhoneSimulator.ActiveCfg = Debug|x86
		{ECC1FE38-A201-4654-A07A-998B8F474E91}.Debug|iPhoneSimulator.Build.0 = Debug|x86
		{ECC1FE38-A201-4654-A07A-998B8F474E91}.Debug|iPhoneSimulator.Deploy.0 = Debug|x86
		{ECC1FE38-A201-4654-A07A-998B8F474E91}.Debug|x64.ActiveCfg = Debug|x64
		{ECC1FE38-A201-4654-A07A-998B8F474E91}.Debug|x64.Build.0 = Debug|x64
		{ECC1FE38-A201-4654-A07A-998B8F474E91}.Debug|x64.Deploy.0 = Debug|x64
		{ECC1FE38-A201-4654-A07A-998B8F474E91}.Debug|x86.ActiveCfg = Debug|x86
		{ECC1FE38-A201-4654-A07A-998B8F474E91}.Debug|x86.Build.0 = Debug|x86
		{ECC1FE38-A201-4654-A07A-998B8F474E91}.Debug|x86.Deploy.0 = Debug|x86
		{ECC1FE38-A201-4654-A07A-998B8F474E91}.Release|Any CPU.ActiveCfg = Release|x86
		{ECC1FE38-A201-4654-A07A-998B8F474E91}.Release|Any CPU.Build.0 = Release|x86
		{ECC1FE38-A201-4654-A07A-998B8F474E91}.Release|Any CPU.Deploy.0 = Release|x86
		{ECC1FE38-A201-4654-A07A-998B8F474E91}.Release|ARM.ActiveCfg = Release|ARM
		{ECC1FE38-A201-4654-A07A-998B8F474E91}.Release|ARM.Build.0 = Release|ARM
		{ECC1FE38-A201-4654-A07A-998B8F474E91}.Release|ARM.Deploy.0 = Release|ARM
		{ECC1FE38-A201-4654-A07A-998B8F474E91}.Release|iPhone.ActiveCfg = Release|x86
		{ECC1FE38-A201-4654-A07A-998B8F474E91}.Release|iPhone.Build.0 = Release|x86
		{ECC1FE38-A201-4654-A07A-998B8F474E91}.Release|iPhone.Deploy.0 = Release|x86
		{ECC1FE38-A201-4654-A07A-998B8F474E91}.Release|iPhoneSimulator.ActiveCfg = Release|x86
		{ECC1FE38-A201-4654-A07A-998B8F474E91}.Release|iPhoneSimulator.Build.0 = Release|x86
		{ECC1FE38-A201-4654-A07A-998B8F474E91}.Release|iPhoneSimulator.Deploy.0 = Release|x86
		{ECC1FE38-A201-4654-A07A-998B8F474E91}.Release|x64.ActiveCfg = Release|x64
		{ECC1FE38-A201-4654-A07A-998B8F474E91}.Release|x64.Build.0 = Release|x64
		{ECC1FE38-A201-4654-A07A-998B8F474E91}.Release|x64.Deploy.0 = Release|x64
		{ECC1FE38-A201-4654-A07A-998B8F474E91}.Release|x86.ActiveCfg = Release|x86
		{ECC1FE38-A201-4654-A07A-998B8F474E91}.Release|x86.Build.0 = Release|x86
		{ECC1FE38-A201-4654-A07A-998B8F474E91}.Release|x86.Deploy.0 = Release|x86
		{2E4F1011-A2B6-42C7-A845-117CCD9F2BE3}.Debug|Any CPU.ActiveCfg = Debug|Any CPU
		{2E4F1011-A2B6-42C7-A845-117CCD9F2BE3}.Debug|Any CPU.Build.0 = Debug|Any CPU
		{2E4F1011-A2B6-42C7-A845-117CCD9F2BE3}.Debug|Any CPU.Deploy.0 = Debug|Any CPU
		{2E4F1011-A2B6-42C7-A845-117CCD9F2BE3}.Debug|ARM.ActiveCfg = Debug|Any CPU
		{2E4F1011-A2B6-42C7-A845-117CCD9F2BE3}.Debug|ARM.Build.0 = Debug|Any CPU
		{2E4F1011-A2B6-42C7-A845-117CCD9F2BE3}.Debug|ARM.Deploy.0 = Debug|Any CPU
		{2E4F1011-A2B6-42C7-A845-117CCD9F2BE3}.Debug|iPhone.ActiveCfg = Debug|Any CPU
		{2E4F1011-A2B6-42C7-A845-117CCD9F2BE3}.Debug|iPhone.Build.0 = Debug|Any CPU
		{2E4F1011-A2B6-42C7-A845-117CCD9F2BE3}.Debug|iPhone.Deploy.0 = Debug|Any CPU
		{2E4F1011-A2B6-42C7-A845-117CCD9F2BE3}.Debug|iPhoneSimulator.ActiveCfg = Debug|Any CPU
		{2E4F1011-A2B6-42C7-A845-117CCD9F2BE3}.Debug|iPhoneSimulator.Build.0 = Debug|Any CPU
		{2E4F1011-A2B6-42C7-A845-117CCD9F2BE3}.Debug|iPhoneSimulator.Deploy.0 = Debug|Any CPU
		{2E4F1011-A2B6-42C7-A845-117CCD9F2BE3}.Debug|x64.ActiveCfg = Debug|Any CPU
		{2E4F1011-A2B6-42C7-A845-117CCD9F2BE3}.Debug|x64.Build.0 = Debug|Any CPU
		{2E4F1011-A2B6-42C7-A845-117CCD9F2BE3}.Debug|x64.Deploy.0 = Debug|Any CPU
		{2E4F1011-A2B6-42C7-A845-117CCD9F2BE3}.Debug|x86.ActiveCfg = Debug|Any CPU
		{2E4F1011-A2B6-42C7-A845-117CCD9F2BE3}.Debug|x86.Build.0 = Debug|Any CPU
		{2E4F1011-A2B6-42C7-A845-117CCD9F2BE3}.Debug|x86.Deploy.0 = Debug|Any CPU
		{2E4F1011-A2B6-42C7-A845-117CCD9F2BE3}.Release|Any CPU.ActiveCfg = Release|Any CPU
		{2E4F1011-A2B6-42C7-A845-117CCD9F2BE3}.Release|Any CPU.Build.0 = Release|Any CPU
		{2E4F1011-A2B6-42C7-A845-117CCD9F2BE3}.Release|Any CPU.Deploy.0 = Release|Any CPU
		{2E4F1011-A2B6-42C7-A845-117CCD9F2BE3}.Release|ARM.ActiveCfg = Release|Any CPU
		{2E4F1011-A2B6-42C7-A845-117CCD9F2BE3}.Release|ARM.Build.0 = Release|Any CPU
		{2E4F1011-A2B6-42C7-A845-117CCD9F2BE3}.Release|ARM.Deploy.0 = Release|Any CPU
		{2E4F1011-A2B6-42C7-A845-117CCD9F2BE3}.Release|iPhone.ActiveCfg = Release|Any CPU
		{2E4F1011-A2B6-42C7-A845-117CCD9F2BE3}.Release|iPhone.Build.0 = Release|Any CPU
		{2E4F1011-A2B6-42C7-A845-117CCD9F2BE3}.Release|iPhone.Deploy.0 = Release|Any CPU
		{2E4F1011-A2B6-42C7-A845-117CCD9F2BE3}.Release|iPhoneSimulator.ActiveCfg = Release|Any CPU
		{2E4F1011-A2B6-42C7-A845-117CCD9F2BE3}.Release|iPhoneSimulator.Build.0 = Release|Any CPU
		{2E4F1011-A2B6-42C7-A845-117CCD9F2BE3}.Release|iPhoneSimulator.Deploy.0 = Release|Any CPU
		{2E4F1011-A2B6-42C7-A845-117CCD9F2BE3}.Release|x64.ActiveCfg = Release|Any CPU
		{2E4F1011-A2B6-42C7-A845-117CCD9F2BE3}.Release|x64.Build.0 = Release|Any CPU
		{2E4F1011-A2B6-42C7-A845-117CCD9F2BE3}.Release|x64.Deploy.0 = Release|Any CPU
		{2E4F1011-A2B6-42C7-A845-117CCD9F2BE3}.Release|x86.ActiveCfg = Release|Any CPU
		{2E4F1011-A2B6-42C7-A845-117CCD9F2BE3}.Release|x86.Build.0 = Release|Any CPU
		{2E4F1011-A2B6-42C7-A845-117CCD9F2BE3}.Release|x86.Deploy.0 = Release|Any CPU
		{4FC6DE74-9B83-420A-9F15-F16F928098EC}.Debug|Any CPU.ActiveCfg = Debug|iPhone
		{4FC6DE74-9B83-420A-9F15-F16F928098EC}.Debug|Any CPU.Build.0 = Debug|iPhone
		{4FC6DE74-9B83-420A-9F15-F16F928098EC}.Debug|Any CPU.Deploy.0 = Debug|iPhone
		{4FC6DE74-9B83-420A-9F15-F16F928098EC}.Debug|ARM.ActiveCfg = Debug|iPhone
		{4FC6DE74-9B83-420A-9F15-F16F928098EC}.Debug|ARM.Build.0 = Debug|iPhone
		{4FC6DE74-9B83-420A-9F15-F16F928098EC}.Debug|ARM.Deploy.0 = Debug|iPhone
		{4FC6DE74-9B83-420A-9F15-F16F928098EC}.Debug|iPhone.ActiveCfg = Debug|iPhone
		{4FC6DE74-9B83-420A-9F15-F16F928098EC}.Debug|iPhone.Build.0 = Debug|iPhone
		{4FC6DE74-9B83-420A-9F15-F16F928098EC}.Debug|iPhone.Deploy.0 = Debug|iPhone
		{4FC6DE74-9B83-420A-9F15-F16F928098EC}.Debug|iPhoneSimulator.ActiveCfg = Debug|iPhoneSimulator
		{4FC6DE74-9B83-420A-9F15-F16F928098EC}.Debug|iPhoneSimulator.Build.0 = Debug|iPhoneSimulator
		{4FC6DE74-9B83-420A-9F15-F16F928098EC}.Debug|iPhoneSimulator.Deploy.0 = Debug|iPhoneSimulator
		{4FC6DE74-9B83-420A-9F15-F16F928098EC}.Debug|x64.ActiveCfg = Debug|iPhone
		{4FC6DE74-9B83-420A-9F15-F16F928098EC}.Debug|x64.Build.0 = Debug|iPhone
		{4FC6DE74-9B83-420A-9F15-F16F928098EC}.Debug|x64.Deploy.0 = Debug|iPhone
		{4FC6DE74-9B83-420A-9F15-F16F928098EC}.Debug|x86.ActiveCfg = Debug|iPhone
		{4FC6DE74-9B83-420A-9F15-F16F928098EC}.Debug|x86.Build.0 = Debug|iPhone
		{4FC6DE74-9B83-420A-9F15-F16F928098EC}.Debug|x86.Deploy.0 = Debug|iPhone
		{4FC6DE74-9B83-420A-9F15-F16F928098EC}.Release|Any CPU.ActiveCfg = Release|iPhone
		{4FC6DE74-9B83-420A-9F15-F16F928098EC}.Release|Any CPU.Build.0 = Release|iPhone
		{4FC6DE74-9B83-420A-9F15-F16F928098EC}.Release|Any CPU.Deploy.0 = Release|iPhone
		{4FC6DE74-9B83-420A-9F15-F16F928098EC}.Release|ARM.ActiveCfg = Release|iPhone
		{4FC6DE74-9B83-420A-9F15-F16F928098EC}.Release|ARM.Build.0 = Release|iPhone
		{4FC6DE74-9B83-420A-9F15-F16F928098EC}.Release|ARM.Deploy.0 = Release|iPhone
		{4FC6DE74-9B83-420A-9F15-F16F928098EC}.Release|iPhone.ActiveCfg = Release|iPhone
		{4FC6DE74-9B83-420A-9F15-F16F928098EC}.Release|iPhone.Build.0 = Release|iPhone
		{4FC6DE74-9B83-420A-9F15-F16F928098EC}.Release|iPhone.Deploy.0 = Release|iPhone
		{4FC6DE74-9B83-420A-9F15-F16F928098EC}.Release|iPhoneSimulator.ActiveCfg = Release|iPhoneSimulator
		{4FC6DE74-9B83-420A-9F15-F16F928098EC}.Release|iPhoneSimulator.Build.0 = Release|iPhoneSimulator
		{4FC6DE74-9B83-420A-9F15-F16F928098EC}.Release|iPhoneSimulator.Deploy.0 = Release|iPhoneSimulator
		{4FC6DE74-9B83-420A-9F15-F16F928098EC}.Release|x64.ActiveCfg = Release|iPhone
		{4FC6DE74-9B83-420A-9F15-F16F928098EC}.Release|x64.Build.0 = Release|iPhone
		{4FC6DE74-9B83-420A-9F15-F16F928098EC}.Release|x64.Deploy.0 = Release|iPhone
		{4FC6DE74-9B83-420A-9F15-F16F928098EC}.Release|x86.ActiveCfg = Release|iPhone
		{4FC6DE74-9B83-420A-9F15-F16F928098EC}.Release|x86.Build.0 = Release|iPhone
		{4FC6DE74-9B83-420A-9F15-F16F928098EC}.Release|x86.Deploy.0 = Release|iPhone
		{0C0706E1-DACF-488A-ACE2-2B14678A1915}.Debug|Any CPU.ActiveCfg = Debug|Any CPU
		{0C0706E1-DACF-488A-ACE2-2B14678A1915}.Debug|Any CPU.Build.0 = Debug|Any CPU
		{0C0706E1-DACF-488A-ACE2-2B14678A1915}.Debug|Any CPU.Deploy.0 = Debug|Any CPU
		{0C0706E1-DACF-488A-ACE2-2B14678A1915}.Debug|ARM.ActiveCfg = Debug|Any CPU
		{0C0706E1-DACF-488A-ACE2-2B14678A1915}.Debug|ARM.Build.0 = Debug|Any CPU
		{0C0706E1-DACF-488A-ACE2-2B14678A1915}.Debug|ARM.Deploy.0 = Debug|Any CPU
		{0C0706E1-DACF-488A-ACE2-2B14678A1915}.Debug|iPhone.ActiveCfg = Debug|Any CPU
		{0C0706E1-DACF-488A-ACE2-2B14678A1915}.Debug|iPhone.Build.0 = Debug|Any CPU
		{0C0706E1-DACF-488A-ACE2-2B14678A1915}.Debug|iPhone.Deploy.0 = Debug|Any CPU
		{0C0706E1-DACF-488A-ACE2-2B14678A1915}.Debug|iPhoneSimulator.ActiveCfg = Debug|Any CPU
		{0C0706E1-DACF-488A-ACE2-2B14678A1915}.Debug|iPhoneSimulator.Build.0 = Debug|Any CPU
		{0C0706E1-DACF-488A-ACE2-2B14678A1915}.Debug|iPhoneSimulator.Deploy.0 = Debug|Any CPU
		{0C0706E1-DACF-488A-ACE2-2B14678A1915}.Debug|x64.ActiveCfg = Debug|Any CPU
		{0C0706E1-DACF-488A-ACE2-2B14678A1915}.Debug|x64.Build.0 = Debug|Any CPU
		{0C0706E1-DACF-488A-ACE2-2B14678A1915}.Debug|x64.Deploy.0 = Debug|Any CPU
		{0C0706E1-DACF-488A-ACE2-2B14678A1915}.Debug|x86.ActiveCfg = Debug|Any CPU
		{0C0706E1-DACF-488A-ACE2-2B14678A1915}.Debug|x86.Build.0 = Debug|Any CPU
		{0C0706E1-DACF-488A-ACE2-2B14678A1915}.Debug|x86.Deploy.0 = Debug|Any CPU
		{0C0706E1-DACF-488A-ACE2-2B14678A1915}.Release|Any CPU.ActiveCfg = Release|Any CPU
		{0C0706E1-DACF-488A-ACE2-2B14678A1915}.Release|Any CPU.Build.0 = Release|Any CPU
		{0C0706E1-DACF-488A-ACE2-2B14678A1915}.Release|Any CPU.Deploy.0 = Release|Any CPU
		{0C0706E1-DACF-488A-ACE2-2B14678A1915}.Release|ARM.ActiveCfg = Release|Any CPU
		{0C0706E1-DACF-488A-ACE2-2B14678A1915}.Release|ARM.Build.0 = Release|Any CPU
		{0C0706E1-DACF-488A-ACE2-2B14678A1915}.Release|ARM.Deploy.0 = Release|Any CPU
		{0C0706E1-DACF-488A-ACE2-2B14678A1915}.Release|iPhone.ActiveCfg = Release|Any CPU
		{0C0706E1-DACF-488A-ACE2-2B14678A1915}.Release|iPhone.Build.0 = Release|Any CPU
		{0C0706E1-DACF-488A-ACE2-2B14678A1915}.Release|iPhone.Deploy.0 = Release|Any CPU
		{0C0706E1-DACF-488A-ACE2-2B14678A1915}.Release|iPhoneSimulator.ActiveCfg = Release|Any CPU
		{0C0706E1-DACF-488A-ACE2-2B14678A1915}.Release|iPhoneSimulator.Build.0 = Release|Any CPU
		{0C0706E1-DACF-488A-ACE2-2B14678A1915}.Release|iPhoneSimulator.Deploy.0 = Release|Any CPU
		{0C0706E1-DACF-488A-ACE2-2B14678A1915}.Release|x64.ActiveCfg = Release|Any CPU
		{0C0706E1-DACF-488A-ACE2-2B14678A1915}.Release|x64.Build.0 = Release|Any CPU
		{0C0706E1-DACF-488A-ACE2-2B14678A1915}.Release|x64.Deploy.0 = Release|Any CPU
		{0C0706E1-DACF-488A-ACE2-2B14678A1915}.Release|x86.ActiveCfg = Release|Any CPU
		{0C0706E1-DACF-488A-ACE2-2B14678A1915}.Release|x86.Build.0 = Release|Any CPU
		{0C0706E1-DACF-488A-ACE2-2B14678A1915}.Release|x86.Deploy.0 = Release|Any CPU
	EndGlobalSection
	GlobalSection(SolutionProperties) = preSolution
		HideSolutionNode = FALSE
	EndGlobalSection
	GlobalSection(ExtensibilityGlobals) = postSolution
		SolutionGuid = {20DB3E5C-3C54-411E-ADC1-616435261949}
	EndGlobalSection
EndGlobal
