
Microsoft Visual Studio Solution File, Format Version 12.00
# Visual Studio Version 16
VisualStudioVersion = 16.0.29920.165
MinimumVisualStudioVersion = 10.0.40219.1
Project("{FAE04EC0-301F-11D3-BF4B-00C04F79EFBC}") = "Mob1.UWP", "Mob1\Mob1.UWP\Mob1.UWP.csproj", "{2F7412D2-AC41-42C5-B6B4-434F49AA2896}"
EndProject
Project("{FAE04EC0-301F-11D3-BF4B-00C04F79EFBC}") = "Mob1.Android", "Mob1\Mob1.Android\Mob1.Android.csproj", "{284BF16D-2708-4C78-98D8-9B347B72FD00}"
EndProject
Project("{FAE04EC0-301F-11D3-BF4B-00C04F79EFBC}") = "Mob1.iOS", "Mob1\Mob1.iOS\Mob1.iOS.csproj", "{21AA53B1-6AAA-4864-85CB-F2518A7DA2E3}"
EndProject
Project("{FAE04EC0-301F-11D3-BF4B-00C04F79EFBC}") = "Mob1", "Mob1\Mob1\Mob1.csproj", "{F987F004-AC35-421B-A13D-FC30CE87969F}"
EndProject
Global
	GlobalSection(SolutionConfigurationPlatforms) = preSolution
		Debug|Any CPU = Debug|Any CPU
		Debug|ARM = Debug|ARM
		Debug|iPhone = Debug|iPhone
		Debug|iPhoneSimulator = Debug|iPhoneSimulator
		Debug|x64 = Debug|x64
		Debug|x86 = Debug|x86
		Release|Any CPU = Release|Any CPU
		Release|ARM = Release|ARM
		Release|iPhone = Release|iPhone
		Release|iPhoneSimulator = Release|iPhoneSimulator
		Release|x64 = Release|x64
		Release|x86 = Release|x86
	EndGlobalSection
	GlobalSection(ProjectConfigurationPlatforms) = postSolution
		{2F7412D2-AC41-42C5-B6B4-434F49AA2896}.Debug|Any CPU.ActiveCfg = Debug|x86
		{2F7412D2-AC41-42C5-B6B4-434F49AA2896}.Debug|Any CPU.Build.0 = Debug|x86
		{2F7412D2-AC41-42C5-B6B4-434F49AA2896}.Debug|Any CPU.Deploy.0 = Debug|x86
		{2F7412D2-AC41-42C5-B6B4-434F49AA2896}.Debug|ARM.ActiveCfg = Debug|ARM
		{2F7412D2-AC41-42C5-B6B4-434F49AA2896}.Debug|ARM.Build.0 = Debug|ARM
		{2F7412D2-AC41-42C5-B6B4-434F49AA2896}.Debug|ARM.Deploy.0 = Debug|ARM
		{2F7412D2-AC41-42C5-B6B4-434F49AA2896}.Debug|iPhone.ActiveCfg = Debug|x86
		{2F7412D2-AC41-42C5-B6B4-434F49AA2896}.Debug|iPhone.Build.0 = Debug|x86
		{2F7412D2-AC41-42C5-B6B4-434F49AA2896}.Debug|iPhone.Deploy.0 = Debug|x86
		{2F7412D2-AC41-42C5-B6B4-434F49AA2896}.Debug|iPhoneSimulator.ActiveCfg = Debug|x86
		{2F7412D2-AC41-42C5-B6B4-434F49AA2896}.Debug|iPhoneSimulator.Build.0 = Debug|x86
		{2F7412D2-AC41-42C5-B6B4-434F49AA2896}.Debug|iPhoneSimulator.Deploy.0 = Debug|x86
		{2F7412D2-AC41-42C5-B6B4-434F49AA2896}.Debug|x64.ActiveCfg = Debug|x64
		{2F7412D2-AC41-42C5-B6B4-434F49AA2896}.Debug|x64.Build.0 = Debug|x64
		{2F7412D2-AC41-42C5-B6B4-434F49AA2896}.Debug|x64.Deploy.0 = Debug|x64
		{2F7412D2-AC41-42C5-B6B4-434F49AA2896}.Debug|x86.ActiveCfg = Debug|x86
		{2F7412D2-AC41-42C5-B6B4-434F49AA2896}.Debug|x86.Build.0 = Debug|x86
		{2F7412D2-AC41-42C5-B6B4-434F49AA2896}.Debug|x86.Deploy.0 = Debug|x86
		{2F7412D2-AC41-42C5-B6B4-434F49AA2896}.Release|Any CPU.ActiveCfg = Release|x86
		{2F7412D2-AC41-42C5-B6B4-434F49AA2896}.Release|Any CPU.Build.0 = Release|x86
		{2F7412D2-AC41-42C5-B6B4-434F49AA2896}.Release|Any CPU.Deploy.0 = Release|x86
		{2F7412D2-AC41-42C5-B6B4-434F49AA2896}.Release|ARM.ActiveCfg = Release|ARM
		{2F7412D2-AC41-42C5-B6B4-434F49AA2896}.Release|ARM.Build.0 = Release|ARM
		{2F7412D2-AC41-42C5-B6B4-434F49AA2896}.Release|ARM.Deploy.0 = Release|ARM
		{2F7412D2-AC41-42C5-B6B4-434F49AA2896}.Release|iPhone.ActiveCfg = Release|x86
		{2F7412D2-AC41-42C5-B6B4-434F49AA2896}.Release|iPhone.Build.0 = Release|x86
		{2F7412D2-AC41-42C5-B6B4-434F49AA2896}.Release|iPhone.Deploy.0 = Release|x86
		{2F7412D2-AC41-42C5-B6B4-434F49AA2896}.Release|iPhoneSimulator.ActiveCfg = Release|x86
		{2F7412D2-AC41-42C5-B6B4-434F49AA2896}.Release|iPhoneSimulator.Build.0 = Release|x86
		{2F7412D2-AC41-42C5-B6B4-434F49AA2896}.Release|iPhoneSimulator.Deploy.0 = Release|x86
		{2F7412D2-AC41-42C5-B6B4-434F49AA2896}.Release|x64.ActiveCfg = Release|x64
		{2F7412D2-AC41-42C5-B6B4-434F49AA2896}.Release|x64.Build.0 = Release|x64
		{2F7412D2-AC41-42C5-B6B4-434F49AA2896}.Release|x64.Deploy.0 = Release|x64
		{2F7412D2-AC41-42C5-B6B4-434F49AA2896}.Release|x86.ActiveCfg = Release|x86
		{2F7412D2-AC41-42C5-B6B4-434F49AA2896}.Release|x86.Build.0 = Release|x86
		{2F7412D2-AC41-42C5-B6B4-434F49AA2896}.Release|x86.Deploy.0 = Release|x86
		{284BF16D-2708-4C78-98D8-9B347B72FD00}.Debug|Any CPU.ActiveCfg = Debug|Any CPU
		{284BF16D-2708-4C78-98D8-9B347B72FD00}.Debug|Any CPU.Build.0 = Debug|Any CPU
		{284BF16D-2708-4C78-98D8-9B347B72FD00}.Debug|Any CPU.Deploy.0 = Debug|Any CPU
		{284BF16D-2708-4C78-98D8-9B347B72FD00}.Debug|ARM.ActiveCfg = Debug|Any CPU
		{284BF16D-2708-4C78-98D8-9B347B72FD00}.Debug|ARM.Build.0 = Debug|Any CPU
		{284BF16D-2708-4C78-98D8-9B347B72FD00}.Debug|ARM.Deploy.0 = Debug|Any CPU
		{284BF16D-2708-4C78-98D8-9B347B72FD00}.Debug|iPhone.ActiveCfg = Debug|Any CPU
		{284BF16D-2708-4C78-98D8-9B347B72FD00}.Debug|iPhone.Build.0 = Debug|Any CPU
		{284BF16D-2708-4C78-98D8-9B347B72FD00}.Debug|iPhone.Deploy.0 = Debug|Any CPU
		{284BF16D-2708-4C78-98D8-9B347B72FD00}.Debug|iPhoneSimulator.ActiveCfg = Debug|Any CPU
		{284BF16D-2708-4C78-98D8-9B347B72FD00}.Debug|iPhoneSimulator.Build.0 = Debug|Any CPU
		{284BF16D-2708-4C78-98D8-9B347B72FD00}.Debug|iPhoneSimulator.Deploy.0 = Debug|Any CPU
		{284BF16D-2708-4C78-98D8-9B347B72FD00}.Debug|x64.ActiveCfg = Debug|Any CPU
		{284BF16D-2708-4C78-98D8-9B347B72FD00}.Debug|x64.Build.0 = Debug|Any CPU
		{284BF16D-2708-4C78-98D8-9B347B72FD00}.Debug|x64.Deploy.0 = Debug|Any CPU
		{284BF16D-2708-4C78-98D8-9B347B72FD00}.Debug|x86.ActiveCfg = Debug|Any CPU
		{284BF16D-2708-4C78-98D8-9B347B72FD00}.Debug|x86.Build.0 = Debug|Any CPU
		{284BF16D-2708-4C78-98D8-9B347B72FD00}.Debug|x86.Deploy.0 = Debug|Any CPU
		{284BF16D-2708-4C78-98D8-9B347B72FD00}.Release|Any CPU.ActiveCfg = Release|Any CPU
		{284BF16D-2708-4C78-98D8-9B347B72FD00}.Release|Any CPU.Build.0 = Release|Any CPU
		{284BF16D-2708-4C78-98D8-9B347B72FD00}.Release|Any CPU.Deploy.0 = Release|Any CPU
		{284BF16D-2708-4C78-98D8-9B347B72FD00}.Release|ARM.ActiveCfg = Release|Any CPU
		{284BF16D-2708-4C78-98D8-9B347B72FD00}.Release|ARM.Build.0 = Release|Any CPU
		{284BF16D-2708-4C78-98D8-9B347B72FD00}.Release|ARM.Deploy.0 = Release|Any CPU
		{284BF16D-2708-4C78-98D8-9B347B72FD00}.Release|iPhone.ActiveCfg = Release|Any CPU
		{284BF16D-2708-4C78-98D8-9B347B72FD00}.Release|iPhone.Build.0 = Release|Any CPU
		{284BF16D-2708-4C78-98D8-9B347B72FD00}.Release|iPhone.Deploy.0 = Release|Any CPU
		{284BF16D-2708-4C78-98D8-9B347B72FD00}.Release|iPhoneSimulator.ActiveCfg = Release|Any CPU
		{284BF16D-2708-4C78-98D8-9B347B72FD00}.Release|iPhoneSimulator.Build.0 = Release|Any CPU
		{284BF16D-2708-4C78-98D8-9B347B72FD00}.Release|iPhoneSimulator.Deploy.0 = Release|Any CPU
		{284BF16D-2708-4C78-98D8-9B347B72FD00}.Release|x64.ActiveCfg = Release|Any CPU
		{284BF16D-2708-4C78-98D8-9B347B72FD00}.Release|x64.Build.0 = Release|Any CPU
		{284BF16D-2708-4C78-98D8-9B347B72FD00}.Release|x64.Deploy.0 = Release|Any CPU
		{284BF16D-2708-4C78-98D8-9B347B72FD00}.Release|x86.ActiveCfg = Release|Any CPU
		{284BF16D-2708-4C78-98D8-9B347B72FD00}.Release|x86.Build.0 = Release|Any CPU
		{284BF16D-2708-4C78-98D8-9B347B72FD00}.Release|x86.Deploy.0 = Release|Any CPU
		{21AA53B1-6AAA-4864-85CB-F2518A7DA2E3}.Debug|Any CPU.ActiveCfg = Debug|iPhone
		{21AA53B1-6AAA-4864-85CB-F2518A7DA2E3}.Debug|Any CPU.Build.0 = Debug|iPhone
		{21AA53B1-6AAA-4864-85CB-F2518A7DA2E3}.Debug|Any CPU.Deploy.0 = Debug|iPhone
		{21AA53B1-6AAA-4864-85CB-F2518A7DA2E3}.Debug|ARM.ActiveCfg = Debug|iPhone
		{21AA53B1-6AAA-4864-85CB-F2518A7DA2E3}.Debug|ARM.Build.0 = Debug|iPhone
		{21AA53B1-6AAA-4864-85CB-F2518A7DA2E3}.Debug|ARM.Deploy.0 = Debug|iPhone
		{21AA53B1-6AAA-4864-85CB-F2518A7DA2E3}.Debug|iPhone.ActiveCfg = Debug|iPhone
		{21AA53B1-6AAA-4864-85CB-F2518A7DA2E3}.Debug|iPhone.Build.0 = Debug|iPhone
		{21AA53B1-6AAA-4864-85CB-F2518A7DA2E3}.Debug|iPhone.Deploy.0 = Debug|iPhone
		{21AA53B1-6AAA-4864-85CB-F2518A7DA2E3}.Debug|iPhoneSimulator.ActiveCfg = Debug|iPhoneSimulator
		{21AA53B1-6AAA-4864-85CB-F2518A7DA2E3}.Debug|iPhoneSimulator.Build.0 = Debug|iPhoneSimulator
		{21AA53B1-6AAA-4864-85CB-F2518A7DA2E3}.Debug|iPhoneSimulator.Deploy.0 = Debug|iPhoneSimulator
		{21AA53B1-6AAA-4864-85CB-F2518A7DA2E3}.Debug|x64.ActiveCfg = Debug|iPhone
		{21AA53B1-6AAA-4864-85CB-F2518A7DA2E3}.Debug|x64.Build.0 = Debug|iPhone
		{21AA53B1-6AAA-4864-85CB-F2518A7DA2E3}.Debug|x64.Deploy.0 = Debug|iPhone
		{21AA53B1-6AAA-4864-85CB-F2518A7DA2E3}.Debug|x86.ActiveCfg = Debug|iPhone
		{21AA53B1-6AAA-4864-85CB-F2518A7DA2E3}.Debug|x86.Build.0 = Debug|iPhone
		{21AA53B1-6AAA-4864-85CB-F2518A7DA2E3}.Debug|x86.Deploy.0 = Debug|iPhone
		{21AA53B1-6AAA-4864-85CB-F2518A7DA2E3}.Release|Any CPU.ActiveCfg = Release|iPhone
		{21AA53B1-6AAA-4864-85CB-F2518A7DA2E3}.Release|Any CPU.Build.0 = Release|iPhone
		{21AA53B1-6AAA-4864-85CB-F2518A7DA2E3}.Release|Any CPU.Deploy.0 = Release|iPhone
		{21AA53B1-6AAA-4864-85CB-F2518A7DA2E3}.Release|ARM.ActiveCfg = Release|iPhone
		{21AA53B1-6AAA-4864-85CB-F2518A7DA2E3}.Release|ARM.Build.0 = Release|iPhone
		{21AA53B1-6AAA-4864-85CB-F2518A7DA2E3}.Release|ARM.Deploy.0 = Release|iPhone
		{21AA53B1-6AAA-4864-85CB-F2518A7DA2E3}.Release|iPhone.ActiveCfg = Release|iPhone
		{21AA53B1-6AAA-4864-85CB-F2518A7DA2E3}.Release|iPhone.Build.0 = Release|iPhone
		{21AA53B1-6AAA-4864-85CB-F2518A7DA2E3}.Release|iPhone.Deploy.0 = Release|iPhone
		{21AA53B1-6AAA-4864-85CB-F2518A7DA2E3}.Release|iPhoneSimulator.ActiveCfg = Release|iPhoneSimulator
		{21AA53B1-6AAA-4864-85CB-F2518A7DA2E3}.Release|iPhoneSimulator.Build.0 = Release|iPhoneSimulator
		{21AA53B1-6AAA-4864-85CB-F2518A7DA2E3}.Release|iPhoneSimulator.Deploy.0 = Release|iPhoneSimulator
		{21AA53B1-6AAA-4864-85CB-F2518A7DA2E3}.Release|x64.ActiveCfg = Release|iPhone
		{21AA53B1-6AAA-4864-85CB-F2518A7DA2E3}.Release|x64.Build.0 = Release|iPhone
		{21AA53B1-6AAA-4864-85CB-F2518A7DA2E3}.Release|x64.Deploy.0 = Release|iPhone
		{21AA53B1-6AAA-4864-85CB-F2518A7DA2E3}.Release|x86.ActiveCfg = Release|iPhone
		{21AA53B1-6AAA-4864-85CB-F2518A7DA2E3}.Release|x86.Build.0 = Release|iPhone
		{21AA53B1-6AAA-4864-85CB-F2518A7DA2E3}.Release|x86.Deploy.0 = Release|iPhone
		{F987F004-AC35-421B-A13D-FC30CE87969F}.Debug|Any CPU.ActiveCfg = Debug|Any CPU
		{F987F004-AC35-421B-A13D-FC30CE87969F}.Debug|Any CPU.Build.0 = Debug|Any CPU
		{F987F004-AC35-421B-A13D-FC30CE87969F}.Debug|Any CPU.Deploy.0 = Debug|Any CPU
		{F987F004-AC35-421B-A13D-FC30CE87969F}.Debug|ARM.ActiveCfg = Debug|Any CPU
		{F987F004-AC35-421B-A13D-FC30CE87969F}.Debug|ARM.Build.0 = Debug|Any CPU
		{F987F004-AC35-421B-A13D-FC30CE87969F}.Debug|ARM.Deploy.0 = Debug|Any CPU
		{F987F004-AC35-421B-A13D-FC30CE87969F}.Debug|iPhone.ActiveCfg = Debug|Any CPU
		{F987F004-AC35-421B-A13D-FC30CE87969F}.Debug|iPhone.Build.0 = Debug|Any CPU
		{F987F004-AC35-421B-A13D-FC30CE87969F}.Debug|iPhone.Deploy.0 = Debug|Any CPU
		{F987F004-AC35-421B-A13D-FC30CE87969F}.Debug|iPhoneSimulator.ActiveCfg = Debug|Any CPU
		{F987F004-AC35-421B-A13D-FC30CE87969F}.Debug|iPhoneSimulator.Build.0 = Debug|Any CPU
		{F987F004-AC35-421B-A13D-FC30CE87969F}.Debug|iPhoneSimulator.Deploy.0 = Debug|Any CPU
		{F987F004-AC35-421B-A13D-FC30CE87969F}.Debug|x64.ActiveCfg = Debug|Any CPU
		{F987F004-AC35-421B-A13D-FC30CE87969F}.Debug|x64.Build.0 = Debug|Any CPU
		{F987F004-AC35-421B-A13D-FC30CE87969F}.Debug|x64.Deploy.0 = Debug|Any CPU
		{F987F004-AC35-421B-A13D-FC30CE87969F}.Debug|x86.ActiveCfg = Debug|Any CPU
		{F987F004-AC35-421B-A13D-FC30CE87969F}.Debug|x86.Build.0 = Debug|Any CPU
		{F987F004-AC35-421B-A13D-FC30CE87969F}.Debug|x86.Deploy.0 = Debug|Any CPU
		{F987F004-AC35-421B-A13D-FC30CE87969F}.Release|Any CPU.ActiveCfg = Release|Any CPU
		{F987F004-AC35-421B-A13D-FC30CE87969F}.Release|Any CPU.Build.0 = Release|Any CPU
		{F987F004-AC35-421B-A13D-FC30CE87969F}.Release|Any CPU.Deploy.0 = Release|Any CPU
		{F987F004-AC35-421B-A13D-FC30CE87969F}.Release|ARM.ActiveCfg = Release|Any CPU
		{F987F004-AC35-421B-A13D-FC30CE87969F}.Release|ARM.Build.0 = Release|Any CPU
		{F987F004-AC35-421B-A13D-FC30CE87969F}.Release|ARM.Deploy.0 = Release|Any CPU
		{F987F004-AC35-421B-A13D-FC30CE87969F}.Release|iPhone.ActiveCfg = Release|Any CPU
		{F987F004-AC35-421B-A13D-FC30CE87969F}.Release|iPhone.Build.0 = Release|Any CPU
		{F987F004-AC35-421B-A13D-FC30CE87969F}.Release|iPhone.Deploy.0 = Release|Any CPU
		{F987F004-AC35-421B-A13D-FC30CE87969F}.Release|iPhoneSimulator.ActiveCfg = Release|Any CPU
		{F987F004-AC35-421B-A13D-FC30CE87969F}.Release|iPhoneSimulator.Build.0 = Release|Any CPU
		{F987F004-AC35-421B-A13D-FC30CE87969F}.Release|iPhoneSimulator.Deploy.0 = Release|Any CPU
		{F987F004-AC35-421B-A13D-FC30CE87969F}.Release|x64.ActiveCfg = Release|Any CPU
		{F987F004-AC35-421B-A13D-FC30CE87969F}.Release|x64.Build.0 = Release|Any CPU
		{F987F004-AC35-421B-A13D-FC30CE87969F}.Release|x64.Deploy.0 = Release|Any CPU
		{F987F004-AC35-421B-A13D-FC30CE87969F}.Release|x86.ActiveCfg = Release|Any CPU
		{F987F004-AC35-421B-A13D-FC30CE87969F}.Release|x86.Build.0 = Release|Any CPU
		{F987F004-AC35-421B-A13D-FC30CE87969F}.Release|x86.Deploy.0 = Release|Any CPU
	EndGlobalSection
	GlobalSection(SolutionProperties) = preSolution
		HideSolutionNode = FALSE
	EndGlobalSection
	GlobalSection(ExtensibilityGlobals) = postSolution
		SolutionGuid = {A4E78C0E-89B8-45D9-A081-2F3EA6ECD490}
	EndGlobalSection
EndGlobal
