
Microsoft Visual Studio Solution File, Format Version 12.00
# Visual Studio Version 16
VisualStudioVersion = 16.0.29806.167
MinimumVisualStudioVersion = 10.0.40219.1
Project("{FAE04EC0-301F-11D3-BF4B-00C04F79EFBC}") = "TryApp.UWP", "TryApp\TryApp.UWP\TryApp.UWP.csproj", "{E84E875F-8D90-4B45-8E85-866568B1D4B2}"
EndProject
Project("{FAE04EC0-301F-11D3-BF4B-00C04F79EFBC}") = "TryApp.Android", "TryApp\TryApp.Android\TryApp.Android.csproj", "{764D46ED-A2F4-407A-BFCD-67848230D6BA}"
EndProject
Project("{FAE04EC0-301F-11D3-BF4B-00C04F79EFBC}") = "TryApp.iOS", "TryApp\TryApp.iOS\TryApp.iOS.csproj", "{F2D0ECC9-946D-497A-8F01-AB5FFE5288FA}"
EndProject
Project("{FAE04EC0-301F-11D3-BF4B-00C04F79EFBC}") = "TryApp", "TryApp\TryApp\TryApp.csproj", "{86DCDFEC-503F-4A6E-94B5-8B8207105BE6}"
EndProject
Global
	GlobalSection(SolutionConfigurationPlatforms) = preSolution
		Debug|Any CPU = Debug|Any CPU
		Debug|ARM = Debug|ARM
		Debug|iPhone = Debug|iPhone
		Debug|iPhoneSimulator = Debug|iPhoneSimulator
		Debug|x64 = Debug|x64
		Debug|x86 = Debug|x86
		Release|Any CPU = Release|Any CPU
		Release|ARM = Release|ARM
		Release|iPhone = Release|iPhone
		Release|iPhoneSimulator = Release|iPhoneSimulator
		Release|x64 = Release|x64
		Release|x86 = Release|x86
	EndGlobalSection
	GlobalSection(ProjectConfigurationPlatforms) = postSolution
		{E84E875F-8D90-4B45-8E85-866568B1D4B2}.Debug|Any CPU.ActiveCfg = Debug|x86
		{E84E875F-8D90-4B45-8E85-866568B1D4B2}.Debug|Any CPU.Build.0 = Debug|x86
		{E84E875F-8D90-4B45-8E85-866568B1D4B2}.Debug|Any CPU.Deploy.0 = Debug|x86
		{E84E875F-8D90-4B45-8E85-866568B1D4B2}.Debug|ARM.ActiveCfg = Debug|ARM
		{E84E875F-8D90-4B45-8E85-866568B1D4B2}.Debug|ARM.Build.0 = Debug|ARM
		{E84E875F-8D90-4B45-8E85-866568B1D4B2}.Debug|ARM.Deploy.0 = Debug|ARM
		{E84E875F-8D90-4B45-8E85-866568B1D4B2}.Debug|iPhone.ActiveCfg = Debug|x86
		{E84E875F-8D90-4B45-8E85-866568B1D4B2}.Debug|iPhone.Build.0 = Debug|x86
		{E84E875F-8D90-4B45-8E85-866568B1D4B2}.Debug|iPhone.Deploy.0 = Debug|x86
		{E84E875F-8D90-4B45-8E85-866568B1D4B2}.Debug|iPhoneSimulator.ActiveCfg = Debug|x86
		{E84E875F-8D90-4B45-8E85-866568B1D4B2}.Debug|iPhoneSimulator.Build.0 = Debug|x86
		{E84E875F-8D90-4B45-8E85-866568B1D4B2}.Debug|iPhoneSimulator.Deploy.0 = Debug|x86
		{E84E875F-8D90-4B45-8E85-866568B1D4B2}.Debug|x64.ActiveCfg = Debug|x64
		{E84E875F-8D90-4B45-8E85-866568B1D4B2}.Debug|x64.Build.0 = Debug|x64
		{E84E875F-8D90-4B45-8E85-866568B1D4B2}.Debug|x64.Deploy.0 = Debug|x64
		{E84E875F-8D90-4B45-8E85-866568B1D4B2}.Debug|x86.ActiveCfg = Debug|x86
		{E84E875F-8D90-4B45-8E85-866568B1D4B2}.Debug|x86.Build.0 = Debug|x86
		{E84E875F-8D90-4B45-8E85-866568B1D4B2}.Debug|x86.Deploy.0 = Debug|x86
		{E84E875F-8D90-4B45-8E85-866568B1D4B2}.Release|Any CPU.ActiveCfg = Release|x86
		{E84E875F-8D90-4B45-8E85-866568B1D4B2}.Release|Any CPU.Build.0 = Release|x86
		{E84E875F-8D90-4B45-8E85-866568B1D4B2}.Release|Any CPU.Deploy.0 = Release|x86
		{E84E875F-8D90-4B45-8E85-866568B1D4B2}.Release|ARM.ActiveCfg = Release|ARM
		{E84E875F-8D90-4B45-8E85-866568B1D4B2}.Release|ARM.Build.0 = Release|ARM
		{E84E875F-8D90-4B45-8E85-866568B1D4B2}.Release|ARM.Deploy.0 = Release|ARM
		{E84E875F-8D90-4B45-8E85-866568B1D4B2}.Release|iPhone.ActiveCfg = Release|x86
		{E84E875F-8D90-4B45-8E85-866568B1D4B2}.Release|iPhone.Build.0 = Release|x86
		{E84E875F-8D90-4B45-8E85-866568B1D4B2}.Release|iPhone.Deploy.0 = Release|x86
		{E84E875F-8D90-4B45-8E85-866568B1D4B2}.Release|iPhoneSimulator.ActiveCfg = Release|x86
		{E84E875F-8D90-4B45-8E85-866568B1D4B2}.Release|iPhoneSimulator.Build.0 = Release|x86
		{E84E875F-8D90-4B45-8E85-866568B1D4B2}.Release|iPhoneSimulator.Deploy.0 = Release|x86
		{E84E875F-8D90-4B45-8E85-866568B1D4B2}.Release|x64.ActiveCfg = Release|x64
		{E84E875F-8D90-4B45-8E85-866568B1D4B2}.Release|x64.Build.0 = Release|x64
		{E84E875F-8D90-4B45-8E85-866568B1D4B2}.Release|x64.Deploy.0 = Release|x64
		{E84E875F-8D90-4B45-8E85-866568B1D4B2}.Release|x86.ActiveCfg = Release|x86
		{E84E875F-8D90-4B45-8E85-866568B1D4B2}.Release|x86.Build.0 = Release|x86
		{E84E875F-8D90-4B45-8E85-866568B1D4B2}.Release|x86.Deploy.0 = Release|x86
		{764D46ED-A2F4-407A-BFCD-67848230D6BA}.Debug|Any CPU.ActiveCfg = Debug|Any CPU
		{764D46ED-A2F4-407A-BFCD-67848230D6BA}.Debug|Any CPU.Build.0 = Debug|Any CPU
		{764D46ED-A2F4-407A-BFCD-67848230D6BA}.Debug|Any CPU.Deploy.0 = Debug|Any CPU
		{764D46ED-A2F4-407A-BFCD-67848230D6BA}.Debug|ARM.ActiveCfg = Debug|Any CPU
		{764D46ED-A2F4-407A-BFCD-67848230D6BA}.Debug|ARM.Build.0 = Debug|Any CPU
		{764D46ED-A2F4-407A-BFCD-67848230D6BA}.Debug|ARM.Deploy.0 = Debug|Any CPU
		{764D46ED-A2F4-407A-BFCD-67848230D6BA}.Debug|iPhone.ActiveCfg = Debug|Any CPU
		{764D46ED-A2F4-407A-BFCD-67848230D6BA}.Debug|iPhone.Build.0 = Debug|Any CPU
		{764D46ED-A2F4-407A-BFCD-67848230D6BA}.Debug|iPhone.Deploy.0 = Debug|Any CPU
		{764D46ED-A2F4-407A-BFCD-67848230D6BA}.Debug|iPhoneSimulator.ActiveCfg = Debug|Any CPU
		{764D46ED-A2F4-407A-BFCD-67848230D6BA}.Debug|iPhoneSimulator.Build.0 = Debug|Any CPU
		{764D46ED-A2F4-407A-BFCD-67848230D6BA}.Debug|iPhoneSimulator.Deploy.0 = Debug|Any CPU
		{764D46ED-A2F4-407A-BFCD-67848230D6BA}.Debug|x64.ActiveCfg = Debug|Any CPU
		{764D46ED-A2F4-407A-BFCD-67848230D6BA}.Debug|x64.Build.0 = Debug|Any CPU
		{764D46ED-A2F4-407A-BFCD-67848230D6BA}.Debug|x64.Deploy.0 = Debug|Any CPU
		{764D46ED-A2F4-407A-BFCD-67848230D6BA}.Debug|x86.ActiveCfg = Debug|Any CPU
		{764D46ED-A2F4-407A-BFCD-67848230D6BA}.Debug|x86.Build.0 = Debug|Any CPU
		{764D46ED-A2F4-407A-BFCD-67848230D6BA}.Debug|x86.Deploy.0 = Debug|Any CPU
		{764D46ED-A2F4-407A-BFCD-67848230D6BA}.Release|Any CPU.ActiveCfg = Release|Any CPU
		{764D46ED-A2F4-407A-BFCD-67848230D6BA}.Release|Any CPU.Build.0 = Release|Any CPU
		{764D46ED-A2F4-407A-BFCD-67848230D6BA}.Release|Any CPU.Deploy.0 = Release|Any CPU
		{764D46ED-A2F4-407A-BFCD-67848230D6BA}.Release|ARM.ActiveCfg = Release|Any CPU
		{764D46ED-A2F4-407A-BFCD-67848230D6BA}.Release|ARM.Build.0 = Release|Any CPU
		{764D46ED-A2F4-407A-BFCD-67848230D6BA}.Release|ARM.Deploy.0 = Release|Any CPU
		{764D46ED-A2F4-407A-BFCD-67848230D6BA}.Release|iPhone.ActiveCfg = Release|Any CPU
		{764D46ED-A2F4-407A-BFCD-67848230D6BA}.Release|iPhone.Build.0 = Release|Any CPU
		{764D46ED-A2F4-407A-BFCD-67848230D6BA}.Release|iPhone.Deploy.0 = Release|Any CPU
		{764D46ED-A2F4-407A-BFCD-67848230D6BA}.Release|iPhoneSimulator.ActiveCfg = Release|Any CPU
		{764D46ED-A2F4-407A-BFCD-67848230D6BA}.Release|iPhoneSimulator.Build.0 = Release|Any CPU
		{764D46ED-A2F4-407A-BFCD-67848230D6BA}.Release|iPhoneSimulator.Deploy.0 = Release|Any CPU
		{764D46ED-A2F4-407A-BFCD-67848230D6BA}.Release|x64.ActiveCfg = Release|Any CPU
		{764D46ED-A2F4-407A-BFCD-67848230D6BA}.Release|x64.Build.0 = Release|Any CPU
		{764D46ED-A2F4-407A-BFCD-67848230D6BA}.Release|x64.Deploy.0 = Release|Any CPU
		{764D46ED-A2F4-407A-BFCD-67848230D6BA}.Release|x86.ActiveCfg = Release|Any CPU
		{764D46ED-A2F4-407A-BFCD-67848230D6BA}.Release|x86.Build.0 = Release|Any CPU
		{764D46ED-A2F4-407A-BFCD-67848230D6BA}.Release|x86.Deploy.0 = Release|Any CPU
		{F2D0ECC9-946D-497A-8F01-AB5FFE5288FA}.Debug|Any CPU.ActiveCfg = Debug|iPhone
		{F2D0ECC9-946D-497A-8F01-AB5FFE5288FA}.Debug|Any CPU.Build.0 = Debug|iPhone
		{F2D0ECC9-946D-497A-8F01-AB5FFE5288FA}.Debug|Any CPU.Deploy.0 = Debug|iPhone
		{F2D0ECC9-946D-497A-8F01-AB5FFE5288FA}.Debug|ARM.ActiveCfg = Debug|iPhoneSimulator
		{F2D0ECC9-946D-497A-8F01-AB5FFE5288FA}.Debug|ARM.Build.0 = Debug|iPhoneSimulator
		{F2D0ECC9-946D-497A-8F01-AB5FFE5288FA}.Debug|ARM.Deploy.0 = Debug|iPhoneSimulator
		{F2D0ECC9-946D-497A-8F01-AB5FFE5288FA}.Debug|iPhone.ActiveCfg = Debug|iPhone
		{F2D0ECC9-946D-497A-8F01-AB5FFE5288FA}.Debug|iPhone.Build.0 = Debug|iPhone
		{F2D0ECC9-946D-497A-8F01-AB5FFE5288FA}.Debug|iPhone.Deploy.0 = Debug|iPhone
		{F2D0ECC9-946D-497A-8F01-AB5FFE5288FA}.Debug|iPhoneSimulator.ActiveCfg = Debug|iPhoneSimulator
		{F2D0ECC9-946D-497A-8F01-AB5FFE5288FA}.Debug|iPhoneSimulator.Build.0 = Debug|iPhoneSimulator
		{F2D0ECC9-946D-497A-8F01-AB5FFE5288FA}.Debug|iPhoneSimulator.Deploy.0 = Debug|iPhoneSimulator
		{F2D0ECC9-946D-497A-8F01-AB5FFE5288FA}.Debug|x64.ActiveCfg = Debug|iPhone
		{F2D0ECC9-946D-497A-8F01-AB5FFE5288FA}.Debug|x64.Build.0 = Debug|iPhone
		{F2D0ECC9-946D-497A-8F01-AB5FFE5288FA}.Debug|x64.Deploy.0 = Debug|iPhone
		{F2D0ECC9-946D-497A-8F01-AB5FFE5288FA}.Debug|x86.ActiveCfg = Debug|iPhone
		{F2D0ECC9-946D-497A-8F01-AB5FFE5288FA}.Debug|x86.Build.0 = Debug|iPhone
		{F2D0ECC9-946D-497A-8F01-AB5FFE5288FA}.Debug|x86.Deploy.0 = Debug|iPhone
		{F2D0ECC9-946D-497A-8F01-AB5FFE5288FA}.Release|Any CPU.ActiveCfg = Release|iPhone
		{F2D0ECC9-946D-497A-8F01-AB5FFE5288FA}.Release|Any CPU.Build.0 = Release|iPhone
		{F2D0ECC9-946D-497A-8F01-AB5FFE5288FA}.Release|Any CPU.Deploy.0 = Release|iPhone
		{F2D0ECC9-946D-497A-8F01-AB5FFE5288FA}.Release|ARM.ActiveCfg = Release|iPhone
		{F2D0ECC9-946D-497A-8F01-AB5FFE5288FA}.Release|ARM.Build.0 = Release|iPhone
		{F2D0ECC9-946D-497A-8F01-AB5FFE5288FA}.Release|ARM.Deploy.0 = Release|iPhone
		{F2D0ECC9-946D-497A-8F01-AB5FFE5288FA}.Release|iPhone.ActiveCfg = Release|iPhone
		{F2D0ECC9-946D-497A-8F01-AB5FFE5288FA}.Release|iPhone.Build.0 = Release|iPhone
		{F2D0ECC9-946D-497A-8F01-AB5FFE5288FA}.Release|iPhone.Deploy.0 = Release|iPhone
		{F2D0ECC9-946D-497A-8F01-AB5FFE5288FA}.Release|iPhoneSimulator.ActiveCfg = Release|iPhoneSimulator
		{F2D0ECC9-946D-497A-8F01-AB5FFE5288FA}.Release|iPhoneSimulator.Build.0 = Release|iPhoneSimulator
		{F2D0ECC9-946D-497A-8F01-AB5FFE5288FA}.Release|iPhoneSimulator.Deploy.0 = Release|iPhoneSimulator
		{F2D0ECC9-946D-497A-8F01-AB5FFE5288FA}.Release|x64.ActiveCfg = Release|iPhone
		{F2D0ECC9-946D-497A-8F01-AB5FFE5288FA}.Release|x64.Build.0 = Release|iPhone
		{F2D0ECC9-946D-497A-8F01-AB5FFE5288FA}.Release|x64.Deploy.0 = Release|iPhone
		{F2D0ECC9-946D-497A-8F01-AB5FFE5288FA}.Release|x86.ActiveCfg = Release|iPhone
		{F2D0ECC9-946D-497A-8F01-AB5FFE5288FA}.Release|x86.Build.0 = Release|iPhone
		{F2D0ECC9-946D-497A-8F01-AB5FFE5288FA}.Release|x86.Deploy.0 = Release|iPhone
		{86DCDFEC-503F-4A6E-94B5-8B8207105BE6}.Debug|Any CPU.ActiveCfg = Debug|Any CPU
		{86DCDFEC-503F-4A6E-94B5-8B8207105BE6}.Debug|Any CPU.Build.0 = Debug|Any CPU
		{86DCDFEC-503F-4A6E-94B5-8B8207105BE6}.Debug|Any CPU.Deploy.0 = Debug|Any CPU
		{86DCDFEC-503F-4A6E-94B5-8B8207105BE6}.Debug|ARM.ActiveCfg = Debug|Any CPU
		{86DCDFEC-503F-4A6E-94B5-8B8207105BE6}.Debug|ARM.Build.0 = Debug|Any CPU
		{86DCDFEC-503F-4A6E-94B5-8B8207105BE6}.Debug|ARM.Deploy.0 = Debug|Any CPU
		{86DCDFEC-503F-4A6E-94B5-8B8207105BE6}.Debug|iPhone.ActiveCfg = Debug|Any CPU
		{86DCDFEC-503F-4A6E-94B5-8B8207105BE6}.Debug|iPhone.Build.0 = Debug|Any CPU
		{86DCDFEC-503F-4A6E-94B5-8B8207105BE6}.Debug|iPhone.Deploy.0 = Debug|Any CPU
		{86DCDFEC-503F-4A6E-94B5-8B8207105BE6}.Debug|iPhoneSimulator.ActiveCfg = Debug|Any CPU
		{86DCDFEC-503F-4A6E-94B5-8B8207105BE6}.Debug|iPhoneSimulator.Build.0 = Debug|Any CPU
		{86DCDFEC-503F-4A6E-94B5-8B8207105BE6}.Debug|iPhoneSimulator.Deploy.0 = Debug|Any CPU
		{86DCDFEC-503F-4A6E-94B5-8B8207105BE6}.Debug|x64.ActiveCfg = Debug|Any CPU
		{86DCDFEC-503F-4A6E-94B5-8B8207105BE6}.Debug|x64.Build.0 = Debug|Any CPU
		{86DCDFEC-503F-4A6E-94B5-8B8207105BE6}.Debug|x64.Deploy.0 = Debug|Any CPU
		{86DCDFEC-503F-4A6E-94B5-8B8207105BE6}.Debug|x86.ActiveCfg = Debug|Any CPU
		{86DCDFEC-503F-4A6E-94B5-8B8207105BE6}.Debug|x86.Build.0 = Debug|Any CPU
		{86DCDFEC-503F-4A6E-94B5-8B8207105BE6}.Debug|x86.Deploy.0 = Debug|Any CPU
		{86DCDFEC-503F-4A6E-94B5-8B8207105BE6}.Release|Any CPU.ActiveCfg = Release|Any CPU
		{86DCDFEC-503F-4A6E-94B5-8B8207105BE6}.Release|Any CPU.Build.0 = Release|Any CPU
		{86DCDFEC-503F-4A6E-94B5-8B8207105BE6}.Release|Any CPU.Deploy.0 = Release|Any CPU
		{86DCDFEC-503F-4A6E-94B5-8B8207105BE6}.Release|ARM.ActiveCfg = Release|Any CPU
		{86DCDFEC-503F-4A6E-94B5-8B8207105BE6}.Release|ARM.Build.0 = Release|Any CPU
		{86DCDFEC-503F-4A6E-94B5-8B8207105BE6}.Release|ARM.Deploy.0 = Release|Any CPU
		{86DCDFEC-503F-4A6E-94B5-8B8207105BE6}.Release|iPhone.ActiveCfg = Release|Any CPU
		{86DCDFEC-503F-4A6E-94B5-8B8207105BE6}.Release|iPhone.Build.0 = Release|Any CPU
		{86DCDFEC-503F-4A6E-94B5-8B8207105BE6}.Release|iPhone.Deploy.0 = Release|Any CPU
		{86DCDFEC-503F-4A6E-94B5-8B8207105BE6}.Release|iPhoneSimulator.ActiveCfg = Release|Any CPU
		{86DCDFEC-503F-4A6E-94B5-8B8207105BE6}.Release|iPhoneSimulator.Build.0 = Release|Any CPU
		{86DCDFEC-503F-4A6E-94B5-8B8207105BE6}.Release|iPhoneSimulator.Deploy.0 = Release|Any CPU
		{86DCDFEC-503F-4A6E-94B5-8B8207105BE6}.Release|x64.ActiveCfg = Release|Any CPU
		{86DCDFEC-503F-4A6E-94B5-8B8207105BE6}.Release|x64.Build.0 = Release|Any CPU
		{86DCDFEC-503F-4A6E-94B5-8B8207105BE6}.Release|x64.Deploy.0 = Release|Any CPU
		{86DCDFEC-503F-4A6E-94B5-8B8207105BE6}.Release|x86.ActiveCfg = Release|Any CPU
		{86DCDFEC-503F-4A6E-94B5-8B8207105BE6}.Release|x86.Build.0 = Release|Any CPU
		{86DCDFEC-503F-4A6E-94B5-8B8207105BE6}.Release|x86.Deploy.0 = Release|Any CPU
	EndGlobalSection
	GlobalSection(SolutionProperties) = preSolution
		HideSolutionNode = FALSE
	EndGlobalSection
	GlobalSection(ExtensibilityGlobals) = postSolution
		SolutionGuid = {911A3CE9-7EC0-4312-AFC7-16709ACC21A7}
	EndGlobalSection
EndGlobal
